
Microsoft Visual Studio Solution File, Format Version 12.00
# Visual Studio Version 17
VisualStudioVersion = 17.8.34330.188
MinimumVisualStudioVersion = 10.0.40219.1
Project("{9A19103F-16F7-4668-BE54-9A1E7A4F7556}") = "core-6-api-console-client", "core-6-api-console-client.csproj", "{562A6210-CE2A-42AE-8142-F2C18BB077E9}"
EndProject
Global
	GlobalSection(SolutionConfigurationPlatforms) = preSolution
		Debug|Any CPU = Debug|Any CPU
		Release|Any CPU = Release|Any CPU
	EndGlobalSection
	GlobalSection(ProjectConfigurationPlatforms) = postSolution
		{562A6210-CE2A-42AE-8142-F2C18BB077E9}.Debug|Any CPU.ActiveCfg = Debug|Any CPU
		{562A6210-CE2A-42AE-8142-F2C18BB077E9}.Debug|Any CPU.Build.0 = Debug|Any CPU
		{562A6210-CE2A-42AE-8142-F2C18BB077E9}.Release|Any CPU.ActiveCfg = Release|Any CPU
		{562A6210-CE2A-42AE-8142-F2C18BB077E9}.Release|Any CPU.Build.0 = Release|Any CPU
	EndGlobalSection
	GlobalSection(SolutionProperties) = preSolution
		HideSolutionNode = FALSE
	EndGlobalSection
	GlobalSection(ExtensibilityGlobals) = postSolution
		SolutionGuid = {E232B961-8FDA-4ACC-9E57-D65884E72CD6}
	EndGlobalSection
EndGlobal
